
Microsoft Visual Studio Solution File, Format Version 12.00
# Visual Studio Version 16
VisualStudioVersion = 16.0.31702.278
MinimumVisualStudioVersion = 10.0.40219.1
Project("{FAE04EC0-301F-11D3-BF4B-00C04F79EFBC}") = "NetworkFix", "NetworkFix\NetworkFix.csproj", "{D80EADEB-8A76-4CC7-A597-B27F134FE6C0}"
EndProject
Global
	GlobalSection(SolutionConfigurationPlatforms) = preSolution
		Debug|Any CPU = Debug|Any CPU
		Release|Any CPU = Release|Any CPU
	EndGlobalSection
	GlobalSection(ProjectConfigurationPlatforms) = postSolution
		{D80EADEB-8A76-4CC7-A597-B27F134FE6C0}.Debug|Any CPU.ActiveCfg = Debug|Any CPU
		{D80EADEB-8A76-4CC7-A597-B27F134FE6C0}.Debug|Any CPU.Build.0 = Debug|Any CPU
		{D80EADEB-8A76-4CC7-A597-B27F134FE6C0}.Release|Any CPU.ActiveCfg = Release|Any CPU
		{D80EADEB-8A76-4CC7-A597-B27F134FE6C0}.Release|Any CPU.Build.0 = Release|Any CPU
	EndGlobalSection
	GlobalSection(SolutionProperties) = preSolution
		HideSolutionNode = FALSE
	EndGlobalSection
	GlobalSection(ExtensibilityGlobals) = postSolution
		SolutionGuid = {FF237141-F371-4542-870B-3F98A7773BBB}
	EndGlobalSection
EndGlobal
